
Microsoft Visual Studio Solution File, Format Version 12.00
# Visual Studio 15
VisualStudioVersion = 15.0.28307.136
MinimumVisualStudioVersion = 10.0.40219.1
Project("{FAE04EC0-301F-11D3-BF4B-00C04F79EFBC}") = "In-memorykeyvalue", "In-memorykeyvalue\In-memorykeyvalue.csproj", "{936F779E-68BD-4C56-8A38-61B0AD038AB7}"
EndProject
Global
	GlobalSection(SolutionConfigurationPlatforms) = preSolution
		Debug|Any CPU = Debug|Any CPU
		Release|Any CPU = Release|Any CPU
	EndGlobalSection
	GlobalSection(ProjectConfigurationPlatforms) = postSolution
		{936F779E-68BD-4C56-8A38-61B0AD038AB7}.Debug|Any CPU.ActiveCfg = Debug|Any CPU
		{936F779E-68BD-4C56-8A38-61B0AD038AB7}.Debug|Any CPU.Build.0 = Debug|Any CPU
		{936F779E-68BD-4C56-8A38-61B0AD038AB7}.Release|Any CPU.ActiveCfg = Release|Any CPU
		{936F779E-68BD-4C56-8A38-61B0AD038AB7}.Release|Any CPU.Build.0 = Release|Any CPU
	EndGlobalSection
	GlobalSection(SolutionProperties) = preSolution
		HideSolutionNode = FALSE
	EndGlobalSection
	GlobalSection(ExtensibilityGlobals) = postSolution
		SolutionGuid = {69EACD3C-1C41-4967-B6E3-824BF8253B8C}
	EndGlobalSection
EndGlobal
